{
  "projects": [
    {
      "projectId": "rLrDorgW4H68uT1ExgAqds",
      "version": "latest",
      "dependencies": {},
      "lang": "js",
      "fileLocks": [
        {
          "type": "globalVariant",
          "assetId": "6wi-tVI5y__-",
          "checksum": "ba157b66660c9340a93c5cf6e5b627f8"
        },
        {
          "assetId": "rLrDorgW4H68uT1ExgAqds",
          "type": "projectCss",
          "checksum": "dae4e4bc6c264b66d7c2fe78855f2b28"
        },
        {
          "type": "renderModule",
          "assetId": "JcMm66QnJcvT",
          "checksum": "07706632ff2c4cea0d486b407c1ebc42"
        },
        {
          "type": "cssRules",
          "assetId": "JcMm66QnJcvT",
          "checksum": "07706632ff2c4cea0d486b407c1ebc42"
        },
        {
          "type": "renderModule",
          "assetId": "eR6qh6D5WBhy",
          "checksum": "109ee4c2122e0e7010260297b79afdcb"
        },
        {
          "type": "cssRules",
          "assetId": "eR6qh6D5WBhy",
          "checksum": "109ee4c2122e0e7010260297b79afdcb"
        },
        {
          "type": "renderModule",
          "assetId": "r_r67VU5fGtR",
          "checksum": "3ecbf6dd803aedae16de3090da9e56f8"
        },
        {
          "type": "cssRules",
          "assetId": "r_r67VU5fGtR",
          "checksum": "3ecbf6dd803aedae16de3090da9e56f8"
        },
        {
          "type": "renderModule",
          "assetId": "65DeLaJ1HUb7",
          "checksum": "6ddeba8cec4efa1f70b74e5fbba068ef"
        },
        {
          "type": "cssRules",
          "assetId": "65DeLaJ1HUb7",
          "checksum": "6ddeba8cec4efa1f70b74e5fbba068ef"
        },
        {
          "type": "renderModule",
          "assetId": "slaQO6jLMPrq",
          "checksum": "bb41f6b5acae09a5a3c22f548d325b97"
        },
        {
          "type": "cssRules",
          "assetId": "slaQO6jLMPrq",
          "checksum": "bb41f6b5acae09a5a3c22f548d325b97"
        },
        {
          "type": "renderModule",
          "assetId": "t9snlSxS5y7K",
          "checksum": "8abda4008d47d4f19933e1f633138ad8"
        },
        {
          "type": "cssRules",
          "assetId": "t9snlSxS5y7K",
          "checksum": "8abda4008d47d4f19933e1f633138ad8"
        },
        {
          "type": "renderModule",
          "assetId": "_3zRfvqxoPnO",
          "checksum": "8e1c03137f01074bd8fa5fb57ca68b65"
        },
        {
          "type": "cssRules",
          "assetId": "_3zRfvqxoPnO",
          "checksum": "8e1c03137f01074bd8fa5fb57ca68b65"
        },
        {
          "type": "renderModule",
          "assetId": "6AQP8BVpCe_0",
          "checksum": "cec001ec239a3631941d1fe008284bac"
        },
        {
          "type": "cssRules",
          "assetId": "6AQP8BVpCe_0",
          "checksum": "cec001ec239a3631941d1fe008284bac"
        },
        {
          "type": "renderModule",
          "assetId": "nO1XLZSY4Dij",
          "checksum": "c02bb69912bde3e1fe2e573f1ca29aa3"
        },
        {
          "type": "cssRules",
          "assetId": "nO1XLZSY4Dij",
          "checksum": "c02bb69912bde3e1fe2e573f1ca29aa3"
        },
        {
          "type": "renderModule",
          "assetId": "S7zjyjDQCWGB",
          "checksum": "8118eb8058eb22506892821d7e0a4d0c"
        },
        {
          "type": "cssRules",
          "assetId": "S7zjyjDQCWGB",
          "checksum": "8118eb8058eb22506892821d7e0a4d0c"
        },
        {
          "type": "renderModule",
          "assetId": "AqO5lSyONueu",
          "checksum": "d1ab56d221bdfaed6cec1491c4f3b1af"
        },
        {
          "type": "cssRules",
          "assetId": "AqO5lSyONueu",
          "checksum": "d1ab56d221bdfaed6cec1491c4f3b1af"
        },
        {
          "type": "icon",
          "assetId": "abwkULCu77qW",
          "checksum": "e9baa1de8e67cddf91e30e944cc682ff"
        },
        {
          "type": "icon",
          "assetId": "YE_c2wkqXu1R",
          "checksum": "5bae3e126af93ceea6e4851ee3e4f9a1"
        },
        {
          "type": "icon",
          "assetId": "BO07fZbpCInP",
          "checksum": "22170f6bdd13e6430790c5bef1daf526"
        },
        {
          "type": "icon",
          "assetId": "jkdpIW_FSmAv",
          "checksum": "1ef6e32bbddcdffddeaebe8e8b7acb89"
        },
        {
          "type": "icon",
          "assetId": "h7XjD4EXR0FD",
          "checksum": "cc7f64296ff5f0ab430289667618498f"
        },
        {
          "type": "icon",
          "assetId": "B26Kwd1nG134",
          "checksum": "9ac656fe8a5ce11d3c6fc703e0f2a56d"
        },
        {
          "type": "icon",
          "assetId": "XeW4ra_vnl9w",
          "checksum": "9c37247aecb2c8236f8406fa75f4275f"
        },
        {
          "type": "icon",
          "assetId": "V35GWC1LwEKA",
          "checksum": "493bbc2928484bfb3d1e7b9c7183ca80"
        },
        {
          "type": "icon",
          "assetId": "Qjyfa7_4fjuX",
          "checksum": "aedc4a87bf1a8cdc55c267052ad58440"
        },
        {
          "type": "image",
          "assetId": "Y0JdAi-WZBaI",
          "checksum": "0acba8019fb1d3044d493fb16edd8a2a"
        },
        {
          "type": "image",
          "assetId": "m0VihTY2tiY1",
          "checksum": "96fa6a7479ffc63502123ef82df21fa1"
        },
        {
          "type": "image",
          "assetId": "Ev5vTWSAgbRH",
          "checksum": "7c5b36686767b4d3e0a21652a0f9a24d"
        },
        {
          "type": "image",
          "assetId": "_PY-R7g7doK2",
          "checksum": "43019386ffc3075f8bf5cc062a50764b"
        },
        {
          "type": "image",
          "assetId": "OKxbCVsTkqvg",
          "checksum": "a08e6a33e16ec963d59c78a164bc6dde"
        },
        {
          "type": "image",
          "assetId": "NNse4u_eeNu4",
          "checksum": "78a2a63ab18868db737cc6076099f67a"
        },
        {
          "type": "image",
          "assetId": "H7GSfD8Hjw56",
          "checksum": "0be7c2dd9c5dbbc1fcda66de089a67bf"
        },
        {
          "type": "image",
          "assetId": "YkISb95hPpHL",
          "checksum": "16a2cad640d80f5061f12632de3cc9a0"
        },
        {
          "type": "image",
          "assetId": "x54K1cvOMN3Z",
          "checksum": "672961401038f2c8519870d4cf32b065"
        },
        {
          "type": "image",
          "assetId": "uc5VaVbxPHkt",
          "checksum": "873522673934a8c89335004a8a3db3a6"
        },
        {
          "type": "image",
          "assetId": "uuw26f3Tj1uv",
          "checksum": "7b37b518815594102fc36a4956f49508"
        },
        {
          "type": "image",
          "assetId": "wxvduffwGFta",
          "checksum": "b5db91c8f3f688b8357d92428eb6c67d"
        },
        {
          "type": "image",
          "assetId": "-FV5cVFDkTsV",
          "checksum": "3cae12c45b32b7068981f64ada3759d7"
        },
        {
          "type": "image",
          "assetId": "9WnIGOOxDcM0",
          "checksum": "e1aa261843a0f8c7bbd3b6de12b23bea"
        },
        {
          "type": "image",
          "assetId": "3Tb-YQONKDw-",
          "checksum": "699df84f3ffe07261307d5e61d419b92"
        },
        {
          "type": "image",
          "assetId": "7Vc7ghYGmmec",
          "checksum": "1026fa7fccb3facfd4f24bdb8e0ad6b4"
        },
        {
          "type": "image",
          "assetId": "DU8__KgGaOmu",
          "checksum": "7a667783ce32c21bc4cead2423799036"
        },
        {
          "type": "image",
          "assetId": "z1ta-ieC201S",
          "checksum": "fec361ffe007ae0c2fc6879ced0a6148"
        },
        {
          "type": "image",
          "assetId": "WxVojHzWp7pT",
          "checksum": "257710cb07a7e0c50e75b6a657ce2077"
        },
        {
          "type": "image",
          "assetId": "GL_CWOjPRs70",
          "checksum": "ed1edae49c1dcfe3832d8bbf04b9155f"
        },
        {
          "type": "image",
          "assetId": "g0gD7C5VE2bg",
          "checksum": "5f15cec4fb8c2a0e6b9f42a2306c3c35"
        },
        {
          "type": "image",
          "assetId": "o_aG9APzOvPP",
          "checksum": "3e0d7aeb83d03a4f3b94ac5174ba40cf"
        },
        {
          "type": "image",
          "assetId": "GWaARXF_lc1s",
          "checksum": "109bb05916daa2eb4059753ba39499c3"
        },
        {
          "type": "image",
          "assetId": "jDe2Ijd0uSkL",
          "checksum": "f64da0968e5804da03187d8df8ca7908"
        },
        {
          "type": "image",
          "assetId": "HgAv9GVjPh9Q",
          "checksum": "c653219ba3090dae17ffb0cb68da94f3"
        },
        {
          "type": "image",
          "assetId": "tZvvxrMc41En",
          "checksum": "85517d3fda39aced58581ee8ba8d61dc"
        },
        {
          "type": "image",
          "assetId": "QpcHcabFND9e",
          "checksum": "fdc553122588f1fbb30fc0fbce2935ca"
        },
        {
          "type": "image",
          "assetId": "GxDYODswMvkL",
          "checksum": "0f224597091cb7c66455af591d1b4526"
        },
        {
          "type": "image",
          "assetId": "957_5COSkTTP",
          "checksum": "192d0dca2fb6ddaf35df71ee0a3f8505"
        },
        {
          "type": "image",
          "assetId": "6iVvnLBK0A8M",
          "checksum": "ac003540faf9d0b2f967d3743187f0eb"
        },
        {
          "type": "image",
          "assetId": "blk7vnS2r35m",
          "checksum": "0af26720bea1696526982c3ff844ba9e"
        },
        {
          "type": "image",
          "assetId": "eu7vwaO0L1ct",
          "checksum": "b8e361e282e43b825a7ef4c10eed09cb"
        },
        {
          "type": "image",
          "assetId": "N8Ep5oVs28ml",
          "checksum": "3d44279980b42a65e8c89325ca239ddd"
        },
        {
          "type": "image",
          "assetId": "4L_Rwn1ScK6R",
          "checksum": "11acedfc149c9753fa1aba24d06aeada"
        },
        {
          "type": "image",
          "assetId": "MwSI7LOO97Tb",
          "checksum": "efc4009b6566ec02da9373f06d4ef3da"
        },
        {
          "type": "image",
          "assetId": "lpp6xGD_pq9Q",
          "checksum": "553fad247e0febb7a3a053f468e71f69"
        },
        {
          "type": "image",
          "assetId": "t7tx07XwEnEU",
          "checksum": "cf895570cf699cd3e3ac12f9acb3b9f7"
        }
      ],
      "codegenVersion": "0.0.1"
    }
  ],
  "cliVersion": "0.1.334"
}
